// !$*UTF8*$!
{
	archiveVersion = 1;
	classes = {
	};
	objectVersion = 46;
	objects = {

/* Begin PBXBuildFile section */
		CD247F6413CC9C600035A041 /* UIKit.framework in Frameworks */ = {isa = PBXBuildFile; fileRef = CD247F6313CC9C600035A041 /* UIKit.framework */; };
		CD247F6613CC9C600035A041 /* Foundation.framework in Frameworks */ = {isa = PBXBuildFile; fileRef = CD247F6513CC9C600035A041 /* Foundation.framework */; };
		CD247F6813CC9C600035A041 /* CoreGraphics.framework in Frameworks */ = {isa = PBXBuildFile; fileRef = CD247F6713CC9C600035A041 /* CoreGraphics.framework */; };
		CD247F6E13CC9C600035A041 /* InfoPlist.strings in Resources */ = {isa = PBXBuildFile; fileRef = CD247F6C13CC9C600035A041 /* InfoPlist.strings */; };
		CD247F7113CC9C600035A041 /* main.m in Sources */ = {isa = PBXBuildFile; fileRef = CD247F7013CC9C600035A041 /* main.m */; };
		CD247F7413CC9C600035A041 /* iPhoneOpenPhotoAppDelegate.m in Sources */ = {isa = PBXBuildFile; fileRef = CD247F7313CC9C600035A041 /* iPhoneOpenPhotoAppDelegate.m */; };
		CD247F7713CC9C600035A041 /* MainWindow.xib in Resources */ = {isa = PBXBuildFile; fileRef = CD247F7513CC9C600035A041 /* MainWindow.xib */; };
		CD247F7A13CC9C600035A041 /* iPhoneOpenPhotoViewController.m in Sources */ = {isa = PBXBuildFile; fileRef = CD247F7913CC9C600035A041 /* iPhoneOpenPhotoViewController.m */; };
		CD247F7D13CC9C600035A041 /* iPhoneOpenPhotoViewController.xib in Resources */ = {isa = PBXBuildFile; fileRef = CD247F7B13CC9C600035A041 /* iPhoneOpenPhotoViewController.xib */; };
		CDBDCED013CDDEF500702ACE /* NSObject+SBJson.m in Sources */ = {isa = PBXBuildFile; fileRef = CDBDCEB813CDDEF500702ACE /* NSObject+SBJson.m */; };
		CDBDCED113CDDEF500702ACE /* SBJsonParser.m in Sources */ = {isa = PBXBuildFile; fileRef = CDBDCEBB13CDDEF500702ACE /* SBJsonParser.m */; };
		CDBDCED213CDDEF500702ACE /* SBJsonStreamParser.m in Sources */ = {isa = PBXBuildFile; fileRef = CDBDCEBD13CDDEF500702ACE /* SBJsonStreamParser.m */; };
		CDBDCED313CDDEF500702ACE /* SBJsonStreamParserAccumulator.m in Sources */ = {isa = PBXBuildFile; fileRef = CDBDCEBF13CDDEF500702ACE /* SBJsonStreamParserAccumulator.m */; };
		CDBDCED413CDDEF500702ACE /* SBJsonStreamParserAdapter.m in Sources */ = {isa = PBXBuildFile; fileRef = CDBDCEC113CDDEF500702ACE /* SBJsonStreamParserAdapter.m */; };
		CDBDCED513CDDEF500702ACE /* SBJsonStreamParserState.m in Sources */ = {isa = PBXBuildFile; fileRef = CDBDCEC313CDDEF500702ACE /* SBJsonStreamParserState.m */; };
		CDBDCED613CDDEF500702ACE /* SBJsonStreamWriter.m in Sources */ = {isa = PBXBuildFile; fileRef = CDBDCEC513CDDEF500702ACE /* SBJsonStreamWriter.m */; };
		CDBDCED713CDDEF500702ACE /* SBJsonStreamWriterAccumulator.m in Sources */ = {isa = PBXBuildFile; fileRef = CDBDCEC713CDDEF500702ACE /* SBJsonStreamWriterAccumulator.m */; };
		CDBDCED813CDDEF500702ACE /* SBJsonStreamWriterState.m in Sources */ = {isa = PBXBuildFile; fileRef = CDBDCEC913CDDEF500702ACE /* SBJsonStreamWriterState.m */; };
		CDBDCED913CDDEF500702ACE /* SBJsonTokeniser.m in Sources */ = {isa = PBXBuildFile; fileRef = CDBDCECB13CDDEF500702ACE /* SBJsonTokeniser.m */; };
		CDBDCEDA13CDDEF500702ACE /* SBJsonUTF8Stream.m in Sources */ = {isa = PBXBuildFile; fileRef = CDBDCECD13CDDEF500702ACE /* SBJsonUTF8Stream.m */; };
		CDBDCEDB13CDDEF500702ACE /* SBJsonWriter.m in Sources */ = {isa = PBXBuildFile; fileRef = CDBDCECF13CDDEF500702ACE /* SBJsonWriter.m */; };
/* End PBXBuildFile section */

/* Begin PBXFileReference section */
		CD247F5F13CC9C600035A041 /* iPhoneOpenPhoto.app */ = {isa = PBXFileReference; explicitFileType = wrapper.application; includeInIndex = 0; path = iPhoneOpenPhoto.app; sourceTree = BUILT_PRODUCTS_DIR; };
		CD247F6313CC9C600035A041 /* UIKit.framework */ = {isa = PBXFileReference; lastKnownFileType = wrapper.framework; name = UIKit.framework; path = System/Library/Frameworks/UIKit.framework; sourceTree = SDKROOT; };
		CD247F6513CC9C600035A041 /* Foundation.framework */ = {isa = PBXFileReference; lastKnownFileType = wrapper.framework; name = Foundation.framework; path = System/Library/Frameworks/Foundation.framework; sourceTree = SDKROOT; };
		CD247F6713CC9C600035A041 /* CoreGraphics.framework */ = {isa = PBXFileReference; lastKnownFileType = wrapper.framework; name = CoreGraphics.framework; path = System/Library/Frameworks/CoreGraphics.framework; sourceTree = SDKROOT; };
		CD247F6B13CC9C600035A041 /* iPhoneOpenPhoto-Info.plist */ = {isa = PBXFileReference; lastKnownFileType = text.plist.xml; path = "iPhoneOpenPhoto-Info.plist"; sourceTree = "<group>"; };
		CD247F6D13CC9C600035A041 /* en */ = {isa = PBXFileReference; lastKnownFileType = text.plist.strings; name = en; path = en.lproj/InfoPlist.strings; sourceTree = "<group>"; };
		CD247F6F13CC9C600035A041 /* iPhoneOpenPhoto-Prefix.pch */ = {isa = PBXFileReference; lastKnownFileType = sourcecode.c.h; path = "iPhoneOpenPhoto-Prefix.pch"; sourceTree = "<group>"; };
		CD247F7013CC9C600035A041 /* main.m */ = {isa = PBXFileReference; lastKnownFileType = sourcecode.c.objc; path = main.m; sourceTree = "<group>"; };
		CD247F7213CC9C600035A041 /* iPhoneOpenPhotoAppDelegate.h */ = {isa = PBXFileReference; lastKnownFileType = sourcecode.c.h; path = iPhoneOpenPhotoAppDelegate.h; sourceTree = "<group>"; };
		CD247F7313CC9C600035A041 /* iPhoneOpenPhotoAppDelegate.m */ = {isa = PBXFileReference; lastKnownFileType = sourcecode.c.objc; path = iPhoneOpenPhotoAppDelegate.m; sourceTree = "<group>"; };
		CD247F7613CC9C600035A041 /* en */ = {isa = PBXFileReference; lastKnownFileType = file.xib; name = en; path = en.lproj/MainWindow.xib; sourceTree = "<group>"; };
		CD247F7813CC9C600035A041 /* iPhoneOpenPhotoViewController.h */ = {isa = PBXFileReference; lastKnownFileType = sourcecode.c.h; path = iPhoneOpenPhotoViewController.h; sourceTree = "<group>"; };
		CD247F7913CC9C600035A041 /* iPhoneOpenPhotoViewController.m */ = {isa = PBXFileReference; lastKnownFileType = sourcecode.c.objc; path = iPhoneOpenPhotoViewController.m; sourceTree = "<group>"; };
		CD247F7C13CC9C600035A041 /* en */ = {isa = PBXFileReference; lastKnownFileType = file.xib; name = en; path = en.lproj/iPhoneOpenPhotoViewController.xib; sourceTree = "<group>"; };
		CDBDCEB713CDDEF500702ACE /* NSObject+SBJson.h */ = {isa = PBXFileReference; fileEncoding = 4; lastKnownFileType = sourcecode.c.h; path = "NSObject+SBJson.h"; sourceTree = "<group>"; };
		CDBDCEB813CDDEF500702ACE /* NSObject+SBJson.m */ = {isa = PBXFileReference; fileEncoding = 4; lastKnownFileType = sourcecode.c.objc; path = "NSObject+SBJson.m"; sourceTree = "<group>"; };
		CDBDCEB913CDDEF500702ACE /* SBJson.h */ = {isa = PBXFileReference; fileEncoding = 4; lastKnownFileType = sourcecode.c.h; path = SBJson.h; sourceTree = "<group>"; };
		CDBDCEBA13CDDEF500702ACE /* SBJsonParser.h */ = {isa = PBXFileReference; fileEncoding = 4; lastKnownFileType = sourcecode.c.h; path = SBJsonParser.h; sourceTree = "<group>"; };
		CDBDCEBB13CDDEF500702ACE /* SBJsonParser.m */ = {isa = PBXFileReference; fileEncoding = 4; lastKnownFileType = sourcecode.c.objc; path = SBJsonParser.m; sourceTree = "<group>"; };
		CDBDCEBC13CDDEF500702ACE /* SBJsonStreamParser.h */ = {isa = PBXFileReference; fileEncoding = 4; lastKnownFileType = sourcecode.c.h; path = SBJsonStreamParser.h; sourceTree = "<group>"; };
		CDBDCEBD13CDDEF500702ACE /* SBJsonStreamParser.m */ = {isa = PBXFileReference; fileEncoding = 4; lastKnownFileType = sourcecode.c.objc; path = SBJsonStreamParser.m; sourceTree = "<group>"; };
		CDBDCEBE13CDDEF500702ACE /* SBJsonStreamParserAccumulator.h */ = {isa = PBXFileReference; fileEncoding = 4; lastKnownFileType = sourcecode.c.h; path = SBJsonStreamParserAccumulator.h; sourceTree = "<group>"; };
		CDBDCEBF13CDDEF500702ACE /* SBJsonStreamParserAccumulator.m */ = {isa = PBXFileReference; fileEncoding = 4; lastKnownFileType = sourcecode.c.objc; path = SBJsonStreamParserAccumulator.m; sourceTree = "<group>"; };
		CDBDCEC013CDDEF500702ACE /* SBJsonStreamParserAdapter.h */ = {isa = PBXFileReference; fileEncoding = 4; lastKnownFileType = sourcecode.c.h; path = SBJsonStreamParserAdapter.h; sourceTree = "<group>"; };
		CDBDCEC113CDDEF500702ACE /* SBJsonStreamParserAdapter.m */ = {isa = PBXFileReference; fileEncoding = 4; lastKnownFileType = sourcecode.c.objc; path = SBJsonStreamParserAdapter.m; sourceTree = "<group>"; };
		CDBDCEC213CDDEF500702ACE /* SBJsonStreamParserState.h */ = {isa = PBXFileReference; fileEncoding = 4; lastKnownFileType = sourcecode.c.h; path = SBJsonStreamParserState.h; sourceTree = "<group>"; };
		CDBDCEC313CDDEF500702ACE /* SBJsonStreamParserState.m */ = {isa = PBXFileReference; fileEncoding = 4; lastKnownFileType = sourcecode.c.objc; path = SBJsonStreamParserState.m; sourceTree = "<group>"; };
		CDBDCEC413CDDEF500702ACE /* SBJsonStreamWriter.h */ = {isa = PBXFileReference; fileEncoding = 4; lastKnownFileType = sourcecode.c.h; path = SBJsonStreamWriter.h; sourceTree = "<group>"; };
		CDBDCEC513CDDEF500702ACE /* SBJsonStreamWriter.m */ = {isa = PBXFileReference; fileEncoding = 4; lastKnownFileType = sourcecode.c.objc; path = SBJsonStreamWriter.m; sourceTree = "<group>"; };
		CDBDCEC613CDDEF500702ACE /* SBJsonStreamWriterAccumulator.h */ = {isa = PBXFileReference; fileEncoding = 4; lastKnownFileType = sourcecode.c.h; path = SBJsonStreamWriterAccumulator.h; sourceTree = "<group>"; };
		CDBDCEC713CDDEF500702ACE /* SBJsonStreamWriterAccumulator.m */ = {isa = PBXFileReference; fileEncoding = 4; lastKnownFileType = sourcecode.c.objc; path = SBJsonStreamWriterAccumulator.m; sourceTree = "<group>"; };
		CDBDCEC813CDDEF500702ACE /* SBJsonStreamWriterState.h */ = {isa = PBXFileReference; fileEncoding = 4; lastKnownFileType = sourcecode.c.h; path = SBJsonStreamWriterState.h; sourceTree = "<group>"; };
		CDBDCEC913CDDEF500702ACE /* SBJsonStreamWriterState.m */ = {isa = PBXFileReference; fileEncoding = 4; lastKnownFileType = sourcecode.c.objc; path = SBJsonStreamWriterState.m; sourceTree = "<group>"; };
		CDBDCECA13CDDEF500702ACE /* SBJsonTokeniser.h */ = {isa = PBXFileReference; fileEncoding = 4; lastKnownFileType = sourcecode.c.h; path = SBJsonTokeniser.h; sourceTree = "<group>"; };
		CDBDCECB13CDDEF500702ACE /* SBJsonTokeniser.m */ = {isa = PBXFileReference; fileEncoding = 4; lastKnownFileType = sourcecode.c.objc; path = SBJsonTokeniser.m; sourceTree = "<group>"; };
		CDBDCECC13CDDEF500702ACE /* SBJsonUTF8Stream.h */ = {isa = PBXFileReference; fileEncoding = 4; lastKnownFileType = sourcecode.c.h; path = SBJsonUTF8Stream.h; sourceTree = "<group>"; };
		CDBDCECD13CDDEF500702ACE /* SBJsonUTF8Stream.m */ = {isa = PBXFileReference; fileEncoding = 4; lastKnownFileType = sourcecode.c.objc; path = SBJsonUTF8Stream.m; sourceTree = "<group>"; };
		CDBDCECE13CDDEF500702ACE /* SBJsonWriter.h */ = {isa = PBXFileReference; fileEncoding = 4; lastKnownFileType = sourcecode.c.h; path = SBJsonWriter.h; sourceTree = "<group>"; };
		CDBDCECF13CDDEF500702ACE /* SBJsonWriter.m */ = {isa = PBXFileReference; fileEncoding = 4; lastKnownFileType = sourcecode.c.objc; path = SBJsonWriter.m; sourceTree = "<group>"; };
/* End PBXFileReference section */

/* Begin PBXFrameworksBuildPhase section */
		CD247F5C13CC9C600035A041 /* Frameworks */ = {
			isa = PBXFrameworksBuildPhase;
			buildActionMask = 2147483647;
			files = (
				CD247F6413CC9C600035A041 /* UIKit.framework in Frameworks */,
				CD247F6613CC9C600035A041 /* Foundation.framework in Frameworks */,
				CD247F6813CC9C600035A041 /* CoreGraphics.framework in Frameworks */,
			);
			runOnlyForDeploymentPostprocessing = 0;
		};
/* End PBXFrameworksBuildPhase section */

/* Begin PBXGroup section */
		CD247F5413CC9C600035A041 = {
			isa = PBXGroup;
			children = (
				CD247F6913CC9C600035A041 /* iPhoneOpenPhoto */,
				CD247F6213CC9C600035A041 /* Frameworks */,
				CD247F6013CC9C600035A041 /* Products */,
			);
			sourceTree = "<group>";
		};
		CD247F6013CC9C600035A041 /* Products */ = {
			isa = PBXGroup;
			children = (
				CD247F5F13CC9C600035A041 /* iPhoneOpenPhoto.app */,
			);
			name = Products;
			sourceTree = "<group>";
		};
		CD247F6213CC9C600035A041 /* Frameworks */ = {
			isa = PBXGroup;
			children = (
				CD247F6313CC9C600035A041 /* UIKit.framework */,
				CD247F6513CC9C600035A041 /* Foundation.framework */,
				CD247F6713CC9C600035A041 /* CoreGraphics.framework */,
			);
			name = Frameworks;
			sourceTree = "<group>";
		};
		CD247F6913CC9C600035A041 /* iPhoneOpenPhoto */ = {
			isa = PBXGroup;
			children = (
				CDBDCEB513CDDE5E00702ACE /* JSON */,
				CD247F7213CC9C600035A041 /* iPhoneOpenPhotoAppDelegate.h */,
				CD247F7313CC9C600035A041 /* iPhoneOpenPhotoAppDelegate.m */,
				CD247F7513CC9C600035A041 /* MainWindow.xib */,
				CD247F7813CC9C600035A041 /* iPhoneOpenPhotoViewController.h */,
				CD247F7913CC9C600035A041 /* iPhoneOpenPhotoViewController.m */,
				CD247F7B13CC9C600035A041 /* iPhoneOpenPhotoViewController.xib */,
				CD247F6A13CC9C600035A041 /* Supporting Files */,
			);
			path = iPhoneOpenPhoto;
			sourceTree = "<group>";
		};
		CD247F6A13CC9C600035A041 /* Supporting Files */ = {
			isa = PBXGroup;
			children = (
				CD247F6B13CC9C600035A041 /* iPhoneOpenPhoto-Info.plist */,
				CD247F6C13CC9C600035A041 /* InfoPlist.strings */,
				CD247F6F13CC9C600035A041 /* iPhoneOpenPhoto-Prefix.pch */,
				CD247F7013CC9C600035A041 /* main.m */,
			);
			name = "Supporting Files";
			sourceTree = "<group>";
		};
		CDBDCEB513CDDE5E00702ACE /* JSON */ = {
			isa = PBXGroup;
			children = (
				CDBDCEB713CDDEF500702ACE /* NSObject+SBJson.h */,
				CDBDCEB813CDDEF500702ACE /* NSObject+SBJson.m */,
				CDBDCEB913CDDEF500702ACE /* SBJson.h */,
				CDBDCEBA13CDDEF500702ACE /* SBJsonParser.h */,
				CDBDCEBB13CDDEF500702ACE /* SBJsonParser.m */,
				CDBDCEBC13CDDEF500702ACE /* SBJsonStreamParser.h */,
				CDBDCEBD13CDDEF500702ACE /* SBJsonStreamParser.m */,
				CDBDCEBE13CDDEF500702ACE /* SBJsonStreamParserAccumulator.h */,
				CDBDCEBF13CDDEF500702ACE /* SBJsonStreamParserAccumulator.m */,
				CDBDCEC013CDDEF500702ACE /* SBJsonStreamParserAdapter.h */,
				CDBDCEC113CDDEF500702ACE /* SBJsonStreamParserAdapter.m */,
				CDBDCEC213CDDEF500702ACE /* SBJsonStreamParserState.h */,
				CDBDCEC313CDDEF500702ACE /* SBJsonStreamParserState.m */,
				CDBDCEC413CDDEF500702ACE /* SBJsonStreamWriter.h */,
				CDBDCEC513CDDEF500702ACE /* SBJsonStreamWriter.m */,
				CDBDCEC613CDDEF500702ACE /* SBJsonStreamWriterAccumulator.h */,
				CDBDCEC713CDDEF500702ACE /* SBJsonStreamWriterAccumulator.m */,
				CDBDCEC813CDDEF500702ACE /* SBJsonStreamWriterState.h */,
				CDBDCEC913CDDEF500702ACE /* SBJsonStreamWriterState.m */,
				CDBDCECA13CDDEF500702ACE /* SBJsonTokeniser.h */,
				CDBDCECB13CDDEF500702ACE /* SBJsonTokeniser.m */,
				CDBDCECC13CDDEF500702ACE /* SBJsonUTF8Stream.h */,
				CDBDCECD13CDDEF500702ACE /* SBJsonUTF8Stream.m */,
				CDBDCECE13CDDEF500702ACE /* SBJsonWriter.h */,
				CDBDCECF13CDDEF500702ACE /* SBJsonWriter.m */,
			);
			name = JSON;
			sourceTree = "<group>";
		};
/* End PBXGroup section */

/* Begin PBXNativeTarget section */
		CD247F5E13CC9C600035A041 /* iPhoneOpenPhoto */ = {
			isa = PBXNativeTarget;
			buildConfigurationList = CD247F8013CC9C600035A041 /* Build configuration list for PBXNativeTarget "iPhoneOpenPhoto" */;
			buildPhases = (
				CD247F5B13CC9C600035A041 /* Sources */,
				CD247F5C13CC9C600035A041 /* Frameworks */,
				CD247F5D13CC9C600035A041 /* Resources */,
			);
			buildRules = (
			);
			dependencies = (
			);
			name = iPhoneOpenPhoto;
			productName = iPhoneOpenPhoto;
			productReference = CD247F5F13CC9C600035A041 /* iPhoneOpenPhoto.app */;
			productType = "com.apple.product-type.application";
		};
/* End PBXNativeTarget section */

/* Begin PBXProject section */
		CD247F5613CC9C600035A041 /* Project object */ = {
			isa = PBXProject;
			attributes = {
				ORGANIZATIONNAME = "Moogu bvba";
			};
			buildConfigurationList = CD247F5913CC9C600035A041 /* Build configuration list for PBXProject "iPhoneOpenPhoto" */;
			compatibilityVersion = "Xcode 3.2";
			developmentRegion = English;
			hasScannedForEncodings = 0;
			knownRegions = (
				en,
			);
			mainGroup = CD247F5413CC9C600035A041;
			productRefGroup = CD247F6013CC9C600035A041 /* Products */;
			projectDirPath = "";
			projectRoot = "";
			targets = (
				CD247F5E13CC9C600035A041 /* iPhoneOpenPhoto */,
			);
		};
/* End PBXProject section */

/* Begin PBXResourcesBuildPhase section */
		CD247F5D13CC9C600035A041 /* Resources */ = {
			isa = PBXResourcesBuildPhase;
			buildActionMask = 2147483647;
			files = (
				CD247F6E13CC9C600035A041 /* InfoPlist.strings in Resources */,
				CD247F7713CC9C600035A041 /* MainWindow.xib in Resources */,
				CD247F7D13CC9C600035A041 /* iPhoneOpenPhotoViewController.xib in Resources */,
			);
			runOnlyForDeploymentPostprocessing = 0;
		};
/* End PBXResourcesBuildPhase section */

/* Begin PBXSourcesBuildPhase section */
		CD247F5B13CC9C600035A041 /* Sources */ = {
			isa = PBXSourcesBuildPhase;
			buildActionMask = 2147483647;
			files = (
				CD247F7113CC9C600035A041 /* main.m in Sources */,
				CD247F7413CC9C600035A041 /* iPhoneOpenPhotoAppDelegate.m in Sources */,
				CD247F7A13CC9C600035A041 /* iPhoneOpenPhotoViewController.m in Sources */,
				CDBDCED013CDDEF500702ACE /* NSObject+SBJson.m in Sources */,
				CDBDCED113CDDEF500702ACE /* SBJsonParser.m in Sources */,
				CDBDCED213CDDEF500702ACE /* SBJsonStreamParser.m in Sources */,
				CDBDCED313CDDEF500702ACE /* SBJsonStreamParserAccumulator.m in Sources */,
				CDBDCED413CDDEF500702ACE /* SBJsonStreamParserAdapter.m in Sources */,
				CDBDCED513CDDEF500702ACE /* SBJsonStreamParserState.m in Sources */,
				CDBDCED613CDDEF500702ACE /* SBJsonStreamWriter.m in Sources */,
				CDBDCED713CDDEF500702ACE /* SBJsonStreamWriterAccumulator.m in Sources */,
				CDBDCED813CDDEF500702ACE /* SBJsonStreamWriterState.m in Sources */,
				CDBDCED913CDDEF500702ACE /* SBJsonTokeniser.m in Sources */,
				CDBDCEDA13CDDEF500702ACE /* SBJsonUTF8Stream.m in Sources */,
				CDBDCEDB13CDDEF500702ACE /* SBJsonWriter.m in Sources */,
			);
			runOnlyForDeploymentPostprocessing = 0;
		};
/* End PBXSourcesBuildPhase section */

/* Begin PBXVariantGroup section */
		CD247F6C13CC9C600035A041 /* InfoPlist.strings */ = {
			isa = PBXVariantGroup;
			children = (
				CD247F6D13CC9C600035A041 /* en */,
			);
			name = InfoPlist.strings;
			sourceTree = "<group>";
		};
		CD247F7513CC9C600035A041 /* MainWindow.xib */ = {
			isa = PBXVariantGroup;
			children = (
				CD247F7613CC9C600035A041 /* en */,
			);
			name = MainWindow.xib;
			sourceTree = "<group>";
		};
		CD247F7B13CC9C600035A041 /* iPhoneOpenPhotoViewController.xib */ = {
			isa = PBXVariantGroup;
			children = (
				CD247F7C13CC9C600035A041 /* en */,
			);
			name = iPhoneOpenPhotoViewController.xib;
			sourceTree = "<group>";
		};
/* End PBXVariantGroup section */

/* Begin XCBuildConfiguration section */
		CD247F7E13CC9C600035A041 /* Debug */ = {
			isa = XCBuildConfiguration;
			buildSettings = {
				ARCHS = "$(ARCHS_STANDARD_32_BIT)";
				"CODE_SIGN_IDENTITY[sdk=iphoneos*]" = "iPhone Developer";
				GCC_C_LANGUAGE_STANDARD = gnu99;
				GCC_OPTIMIZATION_LEVEL = 0;
				GCC_PREPROCESSOR_DEFINITIONS = DEBUG;
				GCC_SYMBOLS_PRIVATE_EXTERN = NO;
				GCC_VERSION = com.apple.compilers.llvmgcc42;
				GCC_WARN_ABOUT_RETURN_TYPE = YES;
				GCC_WARN_UNUSED_VARIABLE = YES;
				IPHONEOS_DEPLOYMENT_TARGET = 4.3;
				SDKROOT = iphoneos;
			};
			name = Debug;
		};
		CD247F7F13CC9C600035A041 /* Release */ = {
			isa = XCBuildConfiguration;
			buildSettings = {
				ARCHS = "$(ARCHS_STANDARD_32_BIT)";
				"CODE_SIGN_IDENTITY[sdk=iphoneos*]" = "iPhone Developer";
				GCC_C_LANGUAGE_STANDARD = gnu99;
				GCC_VERSION = com.apple.compilers.llvmgcc42;
				GCC_WARN_ABOUT_RETURN_TYPE = YES;
				GCC_WARN_UNUSED_VARIABLE = YES;
				IPHONEOS_DEPLOYMENT_TARGET = 4.3;
				OTHER_CFLAGS = "-DNS_BLOCK_ASSERTIONS=1";
				SDKROOT = iphoneos;
			};
			name = Release;
		};
		CD247F8113CC9C600035A041 /* Debug */ = {
			isa = XCBuildConfiguration;
			buildSettings = {
				ALWAYS_SEARCH_USER_PATHS = NO;
				COPY_PHASE_STRIP = NO;
				GCC_DYNAMIC_NO_PIC = NO;
				GCC_PRECOMPILE_PREFIX_HEADER = YES;
				GCC_PREFIX_HEADER = "iPhoneOpenPhoto/iPhoneOpenPhoto-Prefix.pch";
				INFOPLIST_FILE = "iPhoneOpenPhoto/iPhoneOpenPhoto-Info.plist";
				PRODUCT_NAME = "$(TARGET_NAME)";
				WRAPPER_EXTENSION = app;
			};
			name = Debug;
		};
		CD247F8213CC9C600035A041 /* Release */ = {
			isa = XCBuildConfiguration;
			buildSettings = {
				ALWAYS_SEARCH_USER_PATHS = NO;
				COPY_PHASE_STRIP = YES;
				GCC_PRECOMPILE_PREFIX_HEADER = YES;
				GCC_PREFIX_HEADER = "iPhoneOpenPhoto/iPhoneOpenPhoto-Prefix.pch";
				INFOPLIST_FILE = "iPhoneOpenPhoto/iPhoneOpenPhoto-Info.plist";
				PRODUCT_NAME = "$(TARGET_NAME)";
				VALIDATE_PRODUCT = YES;
				WRAPPER_EXTENSION = app;
			};
			name = Release;
		};
/* End XCBuildConfiguration section */

/* Begin XCConfigurationList section */
		CD247F5913CC9C600035A041 /* Build configuration list for PBXProject "iPhoneOpenPhoto" */ = {
			isa = XCConfigurationList;
			buildConfigurations = (
				CD247F7E13CC9C600035A041 /* Debug */,
				CD247F7F13CC9C600035A041 /* Release */,
			);
			defaultConfigurationIsVisible = 0;
			defaultConfigurationName = Release;
		};
		CD247F8013CC9C600035A041 /* Build configuration list for PBXNativeTarget "iPhoneOpenPhoto" */ = {
			isa = XCConfigurationList;
			buildConfigurations = (
				CD247F8113CC9C600035A041 /* Debug */,
				CD247F8213CC9C600035A041 /* Release */,
			);
			defaultConfigurationIsVisible = 0;
			defaultConfigurationName = Release;
		};
/* End XCConfigurationList section */
	};
	rootObject = CD247F5613CC9C600035A041 /* Project object */;
}
